{
  "originHash" : "49f364a4672062b84be3996b547643346297e929c1c03a32a2f21624d52ed24c",
  "pins" : [
    {
      "identity" : "webrtc",
      "kind" : "remoteSourceControl",
      "location" : "https://github.com/stasel/WebRTC.git",
      "state" : {
        "revision" : "6000edd3e2d95f8ce95bc9bd677e3acef31a7710",
        "version" : "132.0.0"
      }
    }
  ],
  "version" : 3
}
